
Microsoft Visual Studio Solution File, Format Version 12.00
# Visual Studio Version 17
VisualStudioVersion = 17.8.34309.116
MinimumVisualStudioVersion = 10.0.40219.1
Project("{FAE04EC0-301F-11D3-BF4B-00C04F79EFBC}") = "InventoryManager", "InventoryManager\InventoryManager.csproj", "{9A951795-FDB8-4338-A5E3-0867668368A8}"
EndProject
Global
	GlobalSection(SolutionConfigurationPlatforms) = preSolution
		Debug|Any CPU = Debug|Any CPU
		Release|Any CPU = Release|Any CPU
	EndGlobalSection
	GlobalSection(ProjectConfigurationPlatforms) = postSolution
		{9A951795-FDB8-4338-A5E3-0867668368A8}.Debug|Any CPU.ActiveCfg = Debug|Any CPU
		{9A951795-FDB8-4338-A5E3-0867668368A8}.Debug|Any CPU.Build.0 = Debug|Any CPU
		{9A951795-FDB8-4338-A5E3-0867668368A8}.Release|Any CPU.ActiveCfg = Release|Any CPU
		{9A951795-FDB8-4338-A5E3-0867668368A8}.Release|Any CPU.Build.0 = Release|Any CPU
	EndGlobalSection
	GlobalSection(SolutionProperties) = preSolution
		HideSolutionNode = FALSE
	EndGlobalSection
	GlobalSection(ExtensibilityGlobals) = postSolution
		SolutionGuid = {F90574E7-73EC-4F74-8374-37B1563BAF31}
	EndGlobalSection
EndGlobal
